# This file is generated by running "yarn install" inside your project.
# Manual changes might be lost - proceed with caution!

__metadata:
  version: 4
  cacheKey: 7

"lodash@npm:4.16.0":
  version: 4.16.0
  resolution: "lodash@npm:4.16.0"
  checksum: 638e47679ff1ea4e95f68589171337f7e7e57bc6e2035a1cd82c6eba5b7d41f619ab7b083e4216511792d34d2e162879564614fea0c2ebcb494e85ed9de5a02a
  languageName: node
  linkType: hard

"renovate-repro@workspace:.":
  version: 0.0.0-use.local
  resolution: "renovate-repro@workspace:."
  dependencies:
    lodash: 4.16.0
  dependenciesMeta:
    lodash@4.16.0:
      unplugged: true
  languageName: unknown
  linkType: soft
